
Microsoft Visual Studio Solution File, Format Version 12.00
# Visual Studio Version 17
VisualStudioVersion = 17.3.32922.545
MinimumVisualStudioVersion = 10.0.40219.1
Project("{FAE04EC0-301F-11D3-BF4B-00C04F79EFBC}") = "EsDriveIco", "EsDriveIco\EsDriveIco.csproj", "{A2E0B6B0-B614-4645-8DFD-7DAD8E850141}"
EndProject
Global
	GlobalSection(SolutionConfigurationPlatforms) = preSolution
		Debug|Any CPU = Debug|Any CPU
		Release|Any CPU = Release|Any CPU
	EndGlobalSection
	GlobalSection(ProjectConfigurationPlatforms) = postSolution
		{A2E0B6B0-B614-4645-8DFD-7DAD8E850141}.Debug|Any CPU.ActiveCfg = Debug|Any CPU
		{A2E0B6B0-B614-4645-8DFD-7DAD8E850141}.Debug|Any CPU.Build.0 = Debug|Any CPU
		{A2E0B6B0-B614-4645-8DFD-7DAD8E850141}.Release|Any CPU.ActiveCfg = Release|Any CPU
		{A2E0B6B0-B614-4645-8DFD-7DAD8E850141}.Release|Any CPU.Build.0 = Release|Any CPU
	EndGlobalSection
	GlobalSection(SolutionProperties) = preSolution
		HideSolutionNode = FALSE
	EndGlobalSection
	GlobalSection(ExtensibilityGlobals) = postSolution
		SolutionGuid = {902F59EE-AA71-4857-BE8C-0752E6A76D3B}
	EndGlobalSection
EndGlobal
